// !$*UTF8*$!
{
	archiveVersion = 1;
	classes = {
	};
	objectVersion = 56;
	objects = {

/* Begin PBXBuildFile section */
		87ACE436905158BDB8AD6CA6 /* AppModel.swift in Sources */ = {isa = PBXBuildFile; fileRef = C55EB923C56D5AFEA5D197CF /* AppModel.swift */; };
		0946D44B8906514F80A11314 /* CleanupView.swift in Sources */ = {isa = PBXBuildFile; fileRef = 6F6597638790557686AD7591 /* CleanupView.swift */; };
		CE9D23F39657525CB59158AB /* DetailView.swift in Sources */ = {isa = PBXBuildFile; fileRef = 88178FAF14065B18B436DB77 /* DetailView.swift */; };
		168D5A1A6F4D591E93BD6827 /* DuplicatesView.swift in Sources */ = {isa = PBXBuildFile; fileRef = 672EFB6D02DD5465BCC7FC87 /* DuplicatesView.swift */; };
		F7211C84AFE356E08E55F46D /* Extractor.swift in Sources */ = {isa = PBXBuildFile; fileRef = 44B1B233F554598D9299EB20 /* Extractor.swift */; };
		CDCAE26939F15ACDB3CFE0E7 /* Fingerprint.swift in Sources */ = {isa = PBXBuildFile; fileRef = 46419278B6DB51D28A6C54F6 /* Fingerprint.swift */; };
		80A75AC6AC205A6D892AC1F3 /* Models.swift in Sources */ = {isa = PBXBuildFile; fileRef = 734EAFEC130152DD9E05492D /* Models.swift */; };
		62F4CE88FABF5E84B08685A2 /* OCR.swift in Sources */ = {isa = PBXBuildFile; fileRef = 041259EE3AD55FF99C0CDAB4 /* OCR.swift */; };
		0A77759E96825F1D8C088A43 /* PhotoLibrary.swift in Sources */ = {isa = PBXBuildFile; fileRef = A7AB5727D96F5DDD8D0DEF3A /* PhotoLibrary.swift */; };
		5C06B1AE3FE3537FB88A969B /* RecallApp.swift in Sources */ = {isa = PBXBuildFile; fileRef = 94F0C703CE595710BD6B0E59 /* RecallApp.swift */; };
		1A146EC507C55B49B39D68D0 /* RootView.swift in Sources */ = {isa = PBXBuildFile; fileRef = 1CC54ADF46A25108BC1F6802 /* RootView.swift */; };
		09C2F1F8F32B5C7DA79105B7 /* Store.swift in Sources */ = {isa = PBXBuildFile; fileRef = 3289407F65B95E5596CDA9DC /* Store.swift */; };
		A09FA85EB39250438B1D6FFD /* Assets.xcassets in Resources */ = {isa = PBXBuildFile; fileRef = BE9E06E2CDA65269ADF39AA9 /* Assets.xcassets */; };
		4D077897E6975AA3BDE9B926 /* RecallUITests.swift in Sources */ = {isa = PBXBuildFile; fileRef = 79AA4F6CD5255C0799747D9D /* RecallUITests.swift */; };
/* End PBXBuildFile section */

/* Begin PBXContainerItemProxy section */
		EE0674FCA5715DABA45775F0 /* PBXContainerItemProxy */ = {
			isa = PBXContainerItemProxy;
			containerPortal = 67C3F414C1A4520FAE9ABA9D /* Project object */;
			proxyType = 1;
			remoteGlobalIDString = E5BAB57A059650F98315E75F;
			remoteInfo = Recall;
		};
/* End PBXContainerItemProxy section */

/* Begin PBXFileReference section */
		C55EB923C56D5AFEA5D197CF /* AppModel.swift */ = {isa = PBXFileReference; lastKnownFileType = sourcecode.swift; path = AppModel.swift; sourceTree = "<group>"; };
		6F6597638790557686AD7591 /* CleanupView.swift */ = {isa = PBXFileReference; lastKnownFileType = sourcecode.swift; path = CleanupView.swift; sourceTree = "<group>"; };
		88178FAF14065B18B436DB77 /* DetailView.swift */ = {isa = PBXFileReference; lastKnownFileType = sourcecode.swift; path = DetailView.swift; sourceTree = "<group>"; };
		672EFB6D02DD5465BCC7FC87 /* DuplicatesView.swift */ = {isa = PBXFileReference; lastKnownFileType = sourcecode.swift; path = DuplicatesView.swift; sourceTree = "<group>"; };
		44B1B233F554598D9299EB20 /* Extractor.swift */ = {isa = PBXFileReference; lastKnownFileType = sourcecode.swift; path = Extractor.swift; sourceTree = "<group>"; };
		46419278B6DB51D28A6C54F6 /* Fingerprint.swift */ = {isa = PBXFileReference; lastKnownFileType = sourcecode.swift; path = Fingerprint.swift; sourceTree = "<group>"; };
		734EAFEC130152DD9E05492D /* Models.swift */ = {isa = PBXFileReference; lastKnownFileType = sourcecode.swift; path = Models.swift; sourceTree = "<group>"; };
		041259EE3AD55FF99C0CDAB4 /* OCR.swift */ = {isa = PBXFileReference; lastKnownFileType = sourcecode.swift; path = OCR.swift; sourceTree = "<group>"; };
		A7AB5727D96F5DDD8D0DEF3A /* PhotoLibrary.swift */ = {isa = PBXFileReference; lastKnownFileType = sourcecode.swift; path = PhotoLibrary.swift; sourceTree = "<group>"; };
		94F0C703CE595710BD6B0E59 /* RecallApp.swift */ = {isa = PBXFileReference; lastKnownFileType = sourcecode.swift; path = RecallApp.swift; sourceTree = "<group>"; };
		1CC54ADF46A25108BC1F6802 /* RootView.swift */ = {isa = PBXFileReference; lastKnownFileType = sourcecode.swift; path = RootView.swift; sourceTree = "<group>"; };
		3289407F65B95E5596CDA9DC /* Store.swift */ = {isa = PBXFileReference; lastKnownFileType = sourcecode.swift; path = Store.swift; sourceTree = "<group>"; };
		BE9E06E2CDA65269ADF39AA9 /* Assets.xcassets */ = {isa = PBXFileReference; lastKnownFileType = folder.assetcatalog; path = Assets.xcassets; sourceTree = "<group>"; };
		17C4FC374D8A5D3DAE2E9F7C /* Info.plist */ = {isa = PBXFileReference; lastKnownFileType = text.plist.xml; path = Info.plist; sourceTree = "<group>"; };
		41B09E813799505CBCFD0DA7 /* Recall.app */ = {isa = PBXFileReference; explicitFileType = wrapper.application; includeInIndex = 0; path = Recall.app; sourceTree = BUILT_PRODUCTS_DIR; };
		B51464BDFEB3530DA514E2BC /* RecallUITests.xctest */ = {isa = PBXFileReference; explicitFileType = wrapper.cfbundle; includeInIndex = 0; path = RecallUITests.xctest; sourceTree = BUILT_PRODUCTS_DIR; };
		79AA4F6CD5255C0799747D9D /* RecallUITests.swift */ = {isa = PBXFileReference; lastKnownFileType = sourcecode.swift; path = RecallUITests.swift; sourceTree = "<group>"; };
/* End PBXFileReference section */

/* Begin PBXFrameworksBuildPhase section */
		78FE2FA0028452E0BA0DE755 /* Frameworks */ = {
			isa = PBXFrameworksBuildPhase;
			buildActionMask = 2147483647;
			files = (
			);
			runOnlyForDeploymentPostprocessing = 0;
		};
		70C4CA571A5C5D1B97F7C70F /* Frameworks */ = {
			isa = PBXFrameworksBuildPhase;
			buildActionMask = 2147483647;
			files = (
			);
			runOnlyForDeploymentPostprocessing = 0;
		};
/* End PBXFrameworksBuildPhase section */

/* Begin PBXGroup section */
		F119A85498C25767BEBE5F66 = {
			isa = PBXGroup;
			children = (
				2BD767C2C4B055B680DE250D /* Recall */,
				E1CC9273153054D886E343DF /* RecallUITests */,
				6AF904CE09AC5E2990465E5B /* Products */,
			);
			sourceTree = "<group>";
		};
		2BD767C2C4B055B680DE250D /* Recall */ = {
			isa = PBXGroup;
			children = (
				C55EB923C56D5AFEA5D197CF /* AppModel.swift */,
				6F6597638790557686AD7591 /* CleanupView.swift */,
				88178FAF14065B18B436DB77 /* DetailView.swift */,
				672EFB6D02DD5465BCC7FC87 /* DuplicatesView.swift */,
				44B1B233F554598D9299EB20 /* Extractor.swift */,
				46419278B6DB51D28A6C54F6 /* Fingerprint.swift */,
				734EAFEC130152DD9E05492D /* Models.swift */,
				041259EE3AD55FF99C0CDAB4 /* OCR.swift */,
				A7AB5727D96F5DDD8D0DEF3A /* PhotoLibrary.swift */,
				94F0C703CE595710BD6B0E59 /* RecallApp.swift */,
				1CC54ADF46A25108BC1F6802 /* RootView.swift */,
				3289407F65B95E5596CDA9DC /* Store.swift */,
				BE9E06E2CDA65269ADF39AA9 /* Assets.xcassets */,
				17C4FC374D8A5D3DAE2E9F7C /* Info.plist */,
			);
			path = Recall;
			sourceTree = "<group>";
		};
		E1CC9273153054D886E343DF /* RecallUITests */ = {
			isa = PBXGroup;
			children = (
				79AA4F6CD5255C0799747D9D /* RecallUITests.swift */,
			);
			path = RecallUITests;
			sourceTree = "<group>";
		};
		6AF904CE09AC5E2990465E5B /* Products */ = {
			isa = PBXGroup;
			children = (
				41B09E813799505CBCFD0DA7 /* Recall.app */,
				B51464BDFEB3530DA514E2BC /* RecallUITests.xctest */,
			);
			name = Products;
			sourceTree = "<group>";
		};
/* End PBXGroup section */

/* Begin PBXNativeTarget section */
		E5BAB57A059650F98315E75F /* Recall */ = {
			isa = PBXNativeTarget;
			buildConfigurationList = A598A9D39091570A98390E83;
			buildPhases = (
				E3BCF9E9AF5251E39A7AB441 /* Sources */,
				78FE2FA0028452E0BA0DE755 /* Frameworks */,
				89CA4E6E811C5D72805110C0 /* Resources */,
			);
			buildRules = (
			);
			dependencies = (
			);
			name = Recall;
			productName = Recall;
			productReference = 41B09E813799505CBCFD0DA7 /* Recall.app */;
			productType = "com.apple.product-type.application";
		};
		153E199E71655E1484C8D94F /* RecallUITests */ = {
			isa = PBXNativeTarget;
			buildConfigurationList = FC70986F7F515D4A8615D262;
			buildPhases = (
				17849E8982445ED09F320C42 /* Sources */,
				70C4CA571A5C5D1B97F7C70F /* Frameworks */,
				E01923016D83566B843FE352 /* Resources */,
			);
			buildRules = (
			);
			dependencies = (
				459E4949804A5DBEB6D51CD2 /* PBXTargetDependency */,
			);
			name = RecallUITests;
			productName = RecallUITests;
			productReference = B51464BDFEB3530DA514E2BC /* RecallUITests.xctest */;
			productType = "com.apple.product-type.bundle.ui-testing";
		};
/* End PBXNativeTarget section */

/* Begin PBXProject section */
		67C3F414C1A4520FAE9ABA9D /* Project object */ = {
			isa = PBXProject;
			attributes = {
				BuildIndependentTargetsInParallel = 1;
				LastSwiftUpdateCheck = 1600;
				LastUpgradeCheck = 1600;
			};
			buildConfigurationList = 608343C807055DF08643453A;
			compatibilityVersion = "Xcode 14.0";
			developmentRegion = en;
			hasScannedForEncodings = 0;
			knownRegions = (
				en,
				Base,
			);
			mainGroup = F119A85498C25767BEBE5F66;
			productRefGroup = 6AF904CE09AC5E2990465E5B /* Products */;
			projectDirPath = "";
			projectRoot = "";
			targets = (
				E5BAB57A059650F98315E75F /* Recall */,
				153E199E71655E1484C8D94F /* RecallUITests */,
			);
		};
/* End PBXProject section */

/* Begin PBXResourcesBuildPhase section */
		89CA4E6E811C5D72805110C0 /* Resources */ = {
			isa = PBXResourcesBuildPhase;
			buildActionMask = 2147483647;
			files = (
				A09FA85EB39250438B1D6FFD /* Assets.xcassets in Resources */,
			);
			runOnlyForDeploymentPostprocessing = 0;
		};
		E01923016D83566B843FE352 /* Resources */ = {
			isa = PBXResourcesBuildPhase;
			buildActionMask = 2147483647;
			files = (
			);
			runOnlyForDeploymentPostprocessing = 0;
		};
/* End PBXResourcesBuildPhase section */

/* Begin PBXSourcesBuildPhase section */
		E3BCF9E9AF5251E39A7AB441 /* Sources */ = {
			isa = PBXSourcesBuildPhase;
			buildActionMask = 2147483647;
			files = (
				87ACE436905158BDB8AD6CA6 /* AppModel.swift in Sources */,
				0946D44B8906514F80A11314 /* CleanupView.swift in Sources */,
				CE9D23F39657525CB59158AB /* DetailView.swift in Sources */,
				168D5A1A6F4D591E93BD6827 /* DuplicatesView.swift in Sources */,
				F7211C84AFE356E08E55F46D /* Extractor.swift in Sources */,
				CDCAE26939F15ACDB3CFE0E7 /* Fingerprint.swift in Sources */,
				80A75AC6AC205A6D892AC1F3 /* Models.swift in Sources */,
				62F4CE88FABF5E84B08685A2 /* OCR.swift in Sources */,
				0A77759E96825F1D8C088A43 /* PhotoLibrary.swift in Sources */,
				5C06B1AE3FE3537FB88A969B /* RecallApp.swift in Sources */,
				1A146EC507C55B49B39D68D0 /* RootView.swift in Sources */,
				09C2F1F8F32B5C7DA79105B7 /* Store.swift in Sources */,
			);
			runOnlyForDeploymentPostprocessing = 0;
		};
		17849E8982445ED09F320C42 /* Sources */ = {
			isa = PBXSourcesBuildPhase;
			buildActionMask = 2147483647;
			files = (
				4D077897E6975AA3BDE9B926 /* RecallUITests.swift in Sources */,
			);
			runOnlyForDeploymentPostprocessing = 0;
		};
/* End PBXSourcesBuildPhase section */

/* Begin PBXTargetDependency section */
		459E4949804A5DBEB6D51CD2 /* PBXTargetDependency */ = {
			isa = PBXTargetDependency;
			target = E5BAB57A059650F98315E75F /* Recall */;
			targetProxy = EE0674FCA5715DABA45775F0 /* PBXContainerItemProxy */;
		};
/* End PBXTargetDependency section */

/* Begin XCBuildConfiguration section */
		A0E93667EA9758D4A0B80B83 /* Debug */ = {
			isa = XCBuildConfiguration;
			buildSettings = {
				ALWAYS_SEARCH_USER_PATHS = NO;
				CLANG_ENABLE_OBJC_ARC = YES;
				COPY_PHASE_STRIP = NO;
				DEBUG_INFORMATION_FORMAT = dwarf;
				ENABLE_TESTABILITY = YES;
				GCC_OPTIMIZATION_LEVEL = 0;
				GCC_PREPROCESSOR_DEFINITIONS = (
					"DEBUG=1",
					"$(inherited)",
				);
				IPHONEOS_DEPLOYMENT_TARGET = 17.0;
				ONLY_ACTIVE_ARCH = YES;
				SDKROOT = iphoneos;
				SWIFT_ACTIVE_COMPILATION_CONDITIONS = "DEBUG $(inherited)";
				SWIFT_OPTIMIZATION_LEVEL = "-Onone";
			};
			name = Debug;
		};
		BE93CE3CC5D15320981179F5 /* Release */ = {
			isa = XCBuildConfiguration;
			buildSettings = {
				ALWAYS_SEARCH_USER_PATHS = NO;
				CLANG_ENABLE_OBJC_ARC = YES;
				COPY_PHASE_STRIP = NO;
				DEBUG_INFORMATION_FORMAT = "dwarf-with-dsym";
				ENABLE_NS_ASSERTIONS = NO;
				IPHONEOS_DEPLOYMENT_TARGET = 17.0;
				SDKROOT = iphoneos;
				SWIFT_COMPILATION_MODE = wholemodule;
				SWIFT_OPTIMIZATION_LEVEL = "-O";
				VALIDATE_PRODUCT = YES;
			};
			name = Release;
		};
		45A6EFFF0001511FA64BE0A8 /* Debug */ = {
			isa = XCBuildConfiguration;
			buildSettings = {
				ASSETCATALOG_COMPILER_APPICON_NAME = AppIcon;
				ASSETCATALOG_COMPILER_GLOBAL_ACCENT_COLOR_NAME = AccentColor;
				CODE_SIGN_STYLE = Automatic;
				CURRENT_PROJECT_VERSION = 1;
				DEVELOPMENT_TEAM = "";
				ENABLE_PREVIEWS = YES;
				GENERATE_INFOPLIST_FILE = YES;
				INFOPLIST_FILE = Recall/Info.plist;
				INFOPLIST_KEY_CFBundleDisplayName = Recall;
				INFOPLIST_KEY_UIApplicationSceneManifest_Generation = YES;
				INFOPLIST_KEY_UIApplicationSupportsIndirectInputEvents = YES;
				INFOPLIST_KEY_UILaunchScreen_Generation = YES;
				INFOPLIST_KEY_UISupportedInterfaceOrientations_iPhone = "UIInterfaceOrientationPortrait";
				IPHONEOS_DEPLOYMENT_TARGET = 17.0;
				LD_RUNPATH_SEARCH_PATHS = "$(inherited) @executable_path/Frameworks";
				MARKETING_VERSION = 1.0;
				PRODUCT_BUNDLE_IDENTIFIER = com.nvsces.recall;
				PRODUCT_NAME = "$(TARGET_NAME)";
				SDKROOT = iphoneos;
				SWIFT_EMIT_LOC_STRINGS = YES;
				SWIFT_VERSION = 5.0;
				TARGETED_DEVICE_FAMILY = 1;
			};
			name = Debug;
		};
		F8E9AF69550757F9AABBA980 /* Release */ = {
			isa = XCBuildConfiguration;
			buildSettings = {
				ASSETCATALOG_COMPILER_APPICON_NAME = AppIcon;
				ASSETCATALOG_COMPILER_GLOBAL_ACCENT_COLOR_NAME = AccentColor;
				CODE_SIGN_STYLE = Automatic;
				CURRENT_PROJECT_VERSION = 1;
				DEVELOPMENT_TEAM = "";
				ENABLE_PREVIEWS = YES;
				GENERATE_INFOPLIST_FILE = YES;
				INFOPLIST_FILE = Recall/Info.plist;
				INFOPLIST_KEY_CFBundleDisplayName = Recall;
				INFOPLIST_KEY_UIApplicationSceneManifest_Generation = YES;
				INFOPLIST_KEY_UIApplicationSupportsIndirectInputEvents = YES;
				INFOPLIST_KEY_UILaunchScreen_Generation = YES;
				INFOPLIST_KEY_UISupportedInterfaceOrientations_iPhone = "UIInterfaceOrientationPortrait";
				IPHONEOS_DEPLOYMENT_TARGET = 17.0;
				LD_RUNPATH_SEARCH_PATHS = "$(inherited) @executable_path/Frameworks";
				MARKETING_VERSION = 1.0;
				PRODUCT_BUNDLE_IDENTIFIER = com.nvsces.recall;
				PRODUCT_NAME = "$(TARGET_NAME)";
				SDKROOT = iphoneos;
				SWIFT_EMIT_LOC_STRINGS = YES;
				SWIFT_VERSION = 5.0;
				TARGETED_DEVICE_FAMILY = 1;
			};
			name = Release;
		};
		DB0CBED7F1BD5DD9B9E9C83C /* Debug */ = {
			isa = XCBuildConfiguration;
			buildSettings = {
				CODE_SIGN_STYLE = Automatic;
				CURRENT_PROJECT_VERSION = 1;
				DEVELOPMENT_TEAM = "";
				GENERATE_INFOPLIST_FILE = YES;
				IPHONEOS_DEPLOYMENT_TARGET = 17.0;
				LD_RUNPATH_SEARCH_PATHS = "$(inherited) @executable_path/Frameworks @loader_path/Frameworks";
				MARKETING_VERSION = 1.0;
				PRODUCT_BUNDLE_IDENTIFIER = com.nvsces.recall.uitests;
				PRODUCT_NAME = "$(TARGET_NAME)";
				SDKROOT = iphoneos;
				SWIFT_VERSION = 5.0;
				TARGETED_DEVICE_FAMILY = 1;
				TEST_TARGET_NAME = Recall;
			};
			name = Debug;
		};
		377B5721557E59C2A8041847 /* Release */ = {
			isa = XCBuildConfiguration;
			buildSettings = {
				CODE_SIGN_STYLE = Automatic;
				CURRENT_PROJECT_VERSION = 1;
				DEVELOPMENT_TEAM = "";
				GENERATE_INFOPLIST_FILE = YES;
				IPHONEOS_DEPLOYMENT_TARGET = 17.0;
				LD_RUNPATH_SEARCH_PATHS = "$(inherited) @executable_path/Frameworks @loader_path/Frameworks";
				MARKETING_VERSION = 1.0;
				PRODUCT_BUNDLE_IDENTIFIER = com.nvsces.recall.uitests;
				PRODUCT_NAME = "$(TARGET_NAME)";
				SDKROOT = iphoneos;
				SWIFT_VERSION = 5.0;
				TARGETED_DEVICE_FAMILY = 1;
				TEST_TARGET_NAME = Recall;
			};
			name = Release;
		};
/* End XCBuildConfiguration section */

/* Begin XCConfigurationList section */
		608343C807055DF08643453A = {
			isa = XCConfigurationList;
			buildConfigurations = (
				A0E93667EA9758D4A0B80B83 /* Debug */,
				BE93CE3CC5D15320981179F5 /* Release */,
			);
			defaultConfigurationIsVisible = 0;
			defaultConfigurationName = Release;
		};
		A598A9D39091570A98390E83 = {
			isa = XCConfigurationList;
			buildConfigurations = (
				45A6EFFF0001511FA64BE0A8 /* Debug */,
				F8E9AF69550757F9AABBA980 /* Release */,
			);
			defaultConfigurationIsVisible = 0;
			defaultConfigurationName = Release;
		};
		FC70986F7F515D4A8615D262 = {
			isa = XCConfigurationList;
			buildConfigurations = (
				DB0CBED7F1BD5DD9B9E9C83C /* Debug */,
				377B5721557E59C2A8041847 /* Release */,
			);
			defaultConfigurationIsVisible = 0;
			defaultConfigurationName = Release;
		};
/* End XCConfigurationList section */
	};
	rootObject = 67C3F414C1A4520FAE9ABA9D /* Project object */;
}
